// !$*UTF8*$!
{
	archiveVersion = 1;
	classes = {
	};
	objectVersion = 50;
	objects = {

/* Begin PBXBuildFile section */
		8951B2913F126E71E06CB2A1 /* Pods_ShoppingListsTests.framework in Frameworks */ = {isa = PBXBuildFile; fileRef = F0DB2FFAEF4B0C4C36B91CA0 /* Pods_ShoppingListsTests.framework */; };
		DA6401D322A6FD010065E666 /* CurrentListsViewController.swift in Sources */ = {isa = PBXBuildFile; fileRef = DA6401D222A6FD010065E666 /* CurrentListsViewController.swift */; };
		DA6401D522A7057D0065E666 /* Assets.xcassets in Resources */ = {isa = PBXBuildFile; fileRef = DA6401D422A7057D0065E666 /* Assets.xcassets */; };
		DA6401D722A70A290065E666 /* ArchivedListsViewController.swift in Sources */ = {isa = PBXBuildFile; fileRef = DA6401D622A70A290065E666 /* ArchivedListsViewController.swift */; };
		DA6401DE22A7147C0065E666 /* ListTableViewCell.swift in Sources */ = {isa = PBXBuildFile; fileRef = DA6401DD22A7147C0065E666 /* ListTableViewCell.swift */; };
		DA65972522A85EE6009D2899 /* ProductsViewController.swift in Sources */ = {isa = PBXBuildFile; fileRef = DA65972422A85EE6009D2899 /* ProductsViewController.swift */; };
		DA65972722A867E6009D2899 /* ProductTableViewCell.swift in Sources */ = {isa = PBXBuildFile; fileRef = DA65972622A867E6009D2899 /* ProductTableViewCell.swift */; };
		DA75E48922A6E0F2009BB104 /* AppDelegate.swift in Sources */ = {isa = PBXBuildFile; fileRef = DA75E48822A6E0F2009BB104 /* AppDelegate.swift */; };
		DA75E49122A6E0F2009BB104 /* ShoppingLists.xcdatamodeld in Sources */ = {isa = PBXBuildFile; fileRef = DA75E48F22A6E0F2009BB104 /* ShoppingLists.xcdatamodeld */; };
		DA75E49622A6E0F5009BB104 /* LaunchScreen.storyboard in Resources */ = {isa = PBXBuildFile; fileRef = DA75E49422A6E0F5009BB104 /* LaunchScreen.storyboard */; };
		DA75E4A122A6E0F5009BB104 /* ShoppingListsTests.swift in Sources */ = {isa = PBXBuildFile; fileRef = DA75E4A022A6E0F5009BB104 /* ShoppingListsTests.swift */; };
		DA7AC13522A99F85008B5251 /* UIViewController+Extensions.swift in Sources */ = {isa = PBXBuildFile; fileRef = DA7AC13422A99F85008B5251 /* UIViewController+Extensions.swift */; };
		E8C69D857384169F676CB4BD /* Pods_ShoppingLists.framework in Frameworks */ = {isa = PBXBuildFile; fileRef = E03CD5F3FB15F867EAAA7CB2 /* Pods_ShoppingLists.framework */; };
/* End PBXBuildFile section */

/* Begin PBXContainerItemProxy section */
		DA75E49D22A6E0F5009BB104 /* PBXContainerItemProxy */ = {
			isa = PBXContainerItemProxy;
			containerPortal = DA75E47D22A6E0F2009BB104 /* Project object */;
			proxyType = 1;
			remoteGlobalIDString = DA75E48422A6E0F2009BB104;
			remoteInfo = ShoppingLists;
		};
/* End PBXContainerItemProxy section */

/* Begin PBXFileReference section */
		0742964BEF887AB618E6EC07 /* Pods-ShoppingListsTests.release.xcconfig */ = {isa = PBXFileReference; includeInIndex = 1; lastKnownFileType = text.xcconfig; name = "Pods-ShoppingListsTests.release.xcconfig"; path = "Target Support Files/Pods-ShoppingListsTests/Pods-ShoppingListsTests.release.xcconfig"; sourceTree = "<group>"; };
		3F03B67C53225AC65F232A2D /* Pods-ShoppingLists.debug.xcconfig */ = {isa = PBXFileReference; includeInIndex = 1; lastKnownFileType = text.xcconfig; name = "Pods-ShoppingLists.debug.xcconfig"; path = "Target Support Files/Pods-ShoppingLists/Pods-ShoppingLists.debug.xcconfig"; sourceTree = "<group>"; };
		51F4DA953122AAFE94E7D19C /* Pods-ShoppingLists.release.xcconfig */ = {isa = PBXFileReference; includeInIndex = 1; lastKnownFileType = text.xcconfig; name = "Pods-ShoppingLists.release.xcconfig"; path = "Target Support Files/Pods-ShoppingLists/Pods-ShoppingLists.release.xcconfig"; sourceTree = "<group>"; };
		96D30C7C6C0A933A063654B0 /* Pods-ShoppingListsTests.debug.xcconfig */ = {isa = PBXFileReference; includeInIndex = 1; lastKnownFileType = text.xcconfig; name = "Pods-ShoppingListsTests.debug.xcconfig"; path = "Target Support Files/Pods-ShoppingListsTests/Pods-ShoppingListsTests.debug.xcconfig"; sourceTree = "<group>"; };
		DA6401D222A6FD010065E666 /* CurrentListsViewController.swift */ = {isa = PBXFileReference; fileEncoding = 4; lastKnownFileType = sourcecode.swift; path = CurrentListsViewController.swift; sourceTree = "<group>"; };
		DA6401D422A7057D0065E666 /* Assets.xcassets */ = {isa = PBXFileReference; lastKnownFileType = folder.assetcatalog; path = Assets.xcassets; sourceTree = "<group>"; };
		DA6401D622A70A290065E666 /* ArchivedListsViewController.swift */ = {isa = PBXFileReference; lastKnownFileType = sourcecode.swift; path = ArchivedListsViewController.swift; sourceTree = "<group>"; };
		DA6401DD22A7147C0065E666 /* ListTableViewCell.swift */ = {isa = PBXFileReference; fileEncoding = 4; lastKnownFileType = sourcecode.swift; path = ListTableViewCell.swift; sourceTree = "<group>"; };
		DA65972422A85EE6009D2899 /* ProductsViewController.swift */ = {isa = PBXFileReference; lastKnownFileType = sourcecode.swift; path = ProductsViewController.swift; sourceTree = "<group>"; };
		DA65972622A867E6009D2899 /* ProductTableViewCell.swift */ = {isa = PBXFileReference; lastKnownFileType = sourcecode.swift; path = ProductTableViewCell.swift; sourceTree = "<group>"; };
		DA75E48522A6E0F2009BB104 /* ShoppingLists.app */ = {isa = PBXFileReference; explicitFileType = wrapper.application; includeInIndex = 0; path = ShoppingLists.app; sourceTree = BUILT_PRODUCTS_DIR; };
		DA75E48822A6E0F2009BB104 /* AppDelegate.swift */ = {isa = PBXFileReference; lastKnownFileType = sourcecode.swift; path = AppDelegate.swift; sourceTree = "<group>"; };
		DA75E49022A6E0F2009BB104 /* ShoppingLists.xcdatamodel */ = {isa = PBXFileReference; lastKnownFileType = wrapper.xcdatamodel; path = ShoppingLists.xcdatamodel; sourceTree = "<group>"; };
		DA75E49522A6E0F5009BB104 /* Base */ = {isa = PBXFileReference; lastKnownFileType = file.storyboard; name = Base; path = Base.lproj/LaunchScreen.storyboard; sourceTree = "<group>"; };
		DA75E49722A6E0F5009BB104 /* Info.plist */ = {isa = PBXFileReference; lastKnownFileType = text.plist.xml; path = Info.plist; sourceTree = "<group>"; };
		DA75E49C22A6E0F5009BB104 /* ShoppingListsTests.xctest */ = {isa = PBXFileReference; explicitFileType = wrapper.cfbundle; includeInIndex = 0; path = ShoppingListsTests.xctest; sourceTree = BUILT_PRODUCTS_DIR; };
		DA75E4A022A6E0F5009BB104 /* ShoppingListsTests.swift */ = {isa = PBXFileReference; lastKnownFileType = sourcecode.swift; path = ShoppingListsTests.swift; sourceTree = "<group>"; };
		DA75E4A222A6E0F5009BB104 /* Info.plist */ = {isa = PBXFileReference; lastKnownFileType = text.plist.xml; path = Info.plist; sourceTree = "<group>"; };
		DA7AC13422A99F85008B5251 /* UIViewController+Extensions.swift */ = {isa = PBXFileReference; lastKnownFileType = sourcecode.swift; path = "UIViewController+Extensions.swift"; sourceTree = "<group>"; };
		E03CD5F3FB15F867EAAA7CB2 /* Pods_ShoppingLists.framework */ = {isa = PBXFileReference; explicitFileType = wrapper.framework; includeInIndex = 0; path = Pods_ShoppingLists.framework; sourceTree = BUILT_PRODUCTS_DIR; };
		F0DB2FFAEF4B0C4C36B91CA0 /* Pods_ShoppingListsTests.framework */ = {isa = PBXFileReference; explicitFileType = wrapper.framework; includeInIndex = 0; path = Pods_ShoppingListsTests.framework; sourceTree = BUILT_PRODUCTS_DIR; };
/* End PBXFileReference section */

/* Begin PBXFrameworksBuildPhase section */
		DA75E48222A6E0F2009BB104 /* Frameworks */ = {
			isa = PBXFrameworksBuildPhase;
			buildActionMask = 2147483647;
			files = (
				E8C69D857384169F676CB4BD /* Pods_ShoppingLists.framework in Frameworks */,
			);
			runOnlyForDeploymentPostprocessing = 0;
		};
		DA75E49922A6E0F5009BB104 /* Frameworks */ = {
			isa = PBXFrameworksBuildPhase;
			buildActionMask = 2147483647;
			files = (
				8951B2913F126E71E06CB2A1 /* Pods_ShoppingListsTests.framework in Frameworks */,
			);
			runOnlyForDeploymentPostprocessing = 0;
		};
/* End PBXFrameworksBuildPhase section */

/* Begin PBXGroup section */
		543473F7837F5A079EEB30E4 /* Frameworks */ = {
			isa = PBXGroup;
			children = (
				E03CD5F3FB15F867EAAA7CB2 /* Pods_ShoppingLists.framework */,
				F0DB2FFAEF4B0C4C36B91CA0 /* Pods_ShoppingListsTests.framework */,
			);
			name = Frameworks;
			sourceTree = "<group>";
		};
		DA6401D822A70BEC0065E666 /* Model */ = {
			isa = PBXGroup;
			children = (
				DA75E48F22A6E0F2009BB104 /* ShoppingLists.xcdatamodeld */,
			);
			path = Model;
			sourceTree = "<group>";
		};
		DA6401D922A70BF00065E666 /* View */ = {
			isa = PBXGroup;
			children = (
				DA75E49422A6E0F5009BB104 /* LaunchScreen.storyboard */,
				DA6401DD22A7147C0065E666 /* ListTableViewCell.swift */,
				DA65972622A867E6009D2899 /* ProductTableViewCell.swift */,
			);
			path = View;
			sourceTree = "<group>";
		};
		DA6401DA22A70BF50065E666 /* Controller */ = {
			isa = PBXGroup;
			children = (
				DA6401D222A6FD010065E666 /* CurrentListsViewController.swift */,
				DA6401D622A70A290065E666 /* ArchivedListsViewController.swift */,
				DA65972422A85EE6009D2899 /* ProductsViewController.swift */,
			);
			path = Controller;
			sourceTree = "<group>";
		};
		DA75E47C22A6E0F2009BB104 = {
			isa = PBXGroup;
			children = (
				DA75E48722A6E0F2009BB104 /* ShoppingLists */,
				DA75E49F22A6E0F5009BB104 /* ShoppingListsTests */,
				DA75E48622A6E0F2009BB104 /* Products */,
				EBEB9734840779A7734D2930 /* Pods */,
				543473F7837F5A079EEB30E4 /* Frameworks */,
			);
			sourceTree = "<group>";
		};
		DA75E48622A6E0F2009BB104 /* Products */ = {
			isa = PBXGroup;
			children = (
				DA75E48522A6E0F2009BB104 /* ShoppingLists.app */,
				DA75E49C22A6E0F5009BB104 /* ShoppingListsTests.xctest */,
			);
			name = Products;
			sourceTree = "<group>";
		};
		DA75E48722A6E0F2009BB104 /* ShoppingLists */ = {
			isa = PBXGroup;
			children = (
				DA75E48822A6E0F2009BB104 /* AppDelegate.swift */,
				DA6401D822A70BEC0065E666 /* Model */,
				DA6401D922A70BF00065E666 /* View */,
				DA6401DA22A70BF50065E666 /* Controller */,
				DA7AC13322A99F68008B5251 /* Extensions */,
				DA6401D422A7057D0065E666 /* Assets.xcassets */,
				DA75E49722A6E0F5009BB104 /* Info.plist */,
			);
			path = ShoppingLists;
			sourceTree = "<group>";
		};
		DA75E49F22A6E0F5009BB104 /* ShoppingListsTests */ = {
			isa = PBXGroup;
			children = (
				DA75E4A022A6E0F5009BB104 /* ShoppingListsTests.swift */,
				DA75E4A222A6E0F5009BB104 /* Info.plist */,
			);
			path = ShoppingListsTests;
			sourceTree = "<group>";
		};
		DA7AC13322A99F68008B5251 /* Extensions */ = {
			isa = PBXGroup;
			children = (
				DA7AC13422A99F85008B5251 /* UIViewController+Extensions.swift */,
			);
			path = Extensions;
			sourceTree = "<group>";
		};
		EBEB9734840779A7734D2930 /* Pods */ = {
			isa = PBXGroup;
			children = (
				3F03B67C53225AC65F232A2D /* Pods-ShoppingLists.debug.xcconfig */,
				51F4DA953122AAFE94E7D19C /* Pods-ShoppingLists.release.xcconfig */,
				96D30C7C6C0A933A063654B0 /* Pods-ShoppingListsTests.debug.xcconfig */,
				0742964BEF887AB618E6EC07 /* Pods-ShoppingListsTests.release.xcconfig */,
			);
			path = Pods;
			sourceTree = "<group>";
		};
/* End PBXGroup section */

/* Begin PBXNativeTarget section */
		DA75E48422A6E0F2009BB104 /* ShoppingLists */ = {
			isa = PBXNativeTarget;
			buildConfigurationList = DA75E4A522A6E0F5009BB104 /* Build configuration list for PBXNativeTarget "ShoppingLists" */;
			buildPhases = (
				4EFC151B6156365FF45F6D6A /* [CP] Check Pods Manifest.lock */,
				DA75E48122A6E0F2009BB104 /* Sources */,
				DA75E48222A6E0F2009BB104 /* Frameworks */,
				DA75E48322A6E0F2009BB104 /* Resources */,
				2FB2D1DA3D8E7D5345B90385 /* [CP] Embed Pods Frameworks */,
			);
			buildRules = (
			);
			dependencies = (
			);
			name = ShoppingLists;
			productName = ShoppingLists;
			productReference = DA75E48522A6E0F2009BB104 /* ShoppingLists.app */;
			productType = "com.apple.product-type.application";
		};
		DA75E49B22A6E0F5009BB104 /* ShoppingListsTests */ = {
			isa = PBXNativeTarget;
			buildConfigurationList = DA75E4A822A6E0F5009BB104 /* Build configuration list for PBXNativeTarget "ShoppingListsTests" */;
			buildPhases = (
				E5920F84D0D13863AD6D53B4 /* [CP] Check Pods Manifest.lock */,
				DA75E49822A6E0F5009BB104 /* Sources */,
				DA75E49922A6E0F5009BB104 /* Frameworks */,
				DA75E49A22A6E0F5009BB104 /* Resources */,
			);
			buildRules = (
			);
			dependencies = (
				DA75E49E22A6E0F5009BB104 /* PBXTargetDependency */,
			);
			name = ShoppingListsTests;
			productName = ShoppingListsTests;
			productReference = DA75E49C22A6E0F5009BB104 /* ShoppingListsTests.xctest */;
			productType = "com.apple.product-type.bundle.unit-test";
		};
/* End PBXNativeTarget section */

/* Begin PBXProject section */
		DA75E47D22A6E0F2009BB104 /* Project object */ = {
			isa = PBXProject;
			attributes = {
				LastSwiftUpdateCheck = 1010;
				LastUpgradeCheck = 1010;
				ORGANIZATIONNAME = "Adrian Kwiatkowski";
				TargetAttributes = {
					DA75E48422A6E0F2009BB104 = {
						CreatedOnToolsVersion = 10.1;
					};
					DA75E49B22A6E0F5009BB104 = {
						CreatedOnToolsVersion = 10.1;
						TestTargetID = DA75E48422A6E0F2009BB104;
					};
				};
			};
			buildConfigurationList = DA75E48022A6E0F2009BB104 /* Build configuration list for PBXProject "ShoppingLists" */;
			compatibilityVersion = "Xcode 9.3";
			developmentRegion = en;
			hasScannedForEncodings = 0;
			knownRegions = (
				en,
				Base,
			);
			mainGroup = DA75E47C22A6E0F2009BB104;
			productRefGroup = DA75E48622A6E0F2009BB104 /* Products */;
			projectDirPath = "";
			projectRoot = "";
			targets = (
				DA75E48422A6E0F2009BB104 /* ShoppingLists */,
				DA75E49B22A6E0F5009BB104 /* ShoppingListsTests */,
			);
		};
/* End PBXProject section */

/* Begin PBXResourcesBuildPhase section */
		DA75E48322A6E0F2009BB104 /* Resources */ = {
			isa = PBXResourcesBuildPhase;
			buildActionMask = 2147483647;
			files = (
				DA6401D522A7057D0065E666 /* Assets.xcassets in Resources */,
				DA75E49622A6E0F5009BB104 /* LaunchScreen.storyboard in Resources */,
			);
			runOnlyForDeploymentPostprocessing = 0;
		};
		DA75E49A22A6E0F5009BB104 /* Resources */ = {
			isa = PBXResourcesBuildPhase;
			buildActionMask = 2147483647;
			files = (
			);
			runOnlyForDeploymentPostprocessing = 0;
		};
/* End PBXResourcesBuildPhase section */

/* Begin PBXShellScriptBuildPhase section */
		2FB2D1DA3D8E7D5345B90385 /* [CP] Embed Pods Frameworks */ = {
			isa = PBXShellScriptBuildPhase;
			buildActionMask = 2147483647;
			files = (
			);
			inputFileListPaths = (
			);
			inputPaths = (
				"${PODS_ROOT}/Target Support Files/Pods-ShoppingLists/Pods-ShoppingLists-frameworks.sh",
				"${BUILT_PRODUCTS_DIR}/SnapKit/SnapKit.framework",
			);
			name = "[CP] Embed Pods Frameworks";
			outputFileListPaths = (
			);
			outputPaths = (
				"${TARGET_BUILD_DIR}/${FRAMEWORKS_FOLDER_PATH}/SnapKit.framework",
			);
			runOnlyForDeploymentPostprocessing = 0;
			shellPath = /bin/sh;
			shellScript = "\"${PODS_ROOT}/Target Support Files/Pods-ShoppingLists/Pods-ShoppingLists-frameworks.sh\"\n";
			showEnvVarsInLog = 0;
		};
		4EFC151B6156365FF45F6D6A /* [CP] Check Pods Manifest.lock */ = {
			isa = PBXShellScriptBuildPhase;
			buildActionMask = 2147483647;
			files = (
			);
			inputFileListPaths = (
			);
			inputPaths = (
				"${PODS_PODFILE_DIR_PATH}/Podfile.lock",
				"${PODS_ROOT}/Manifest.lock",
			);
			name = "[CP] Check Pods Manifest.lock";
			outputFileListPaths = (
			);
			outputPaths = (
				"$(DERIVED_FILE_DIR)/Pods-ShoppingLists-checkManifestLockResult.txt",
			);
			runOnlyForDeploymentPostprocessing = 0;
			shellPath = /bin/sh;
			shellScript = "diff \"${PODS_PODFILE_DIR_PATH}/Podfile.lock\" \"${PODS_ROOT}/Manifest.lock\" > /dev/null\nif [ $? != 0 ] ; then\n    # print error to STDERR\n    echo \"error: The sandbox is not in sync with the Podfile.lock. Run 'pod install' or update your CocoaPods installation.\" >&2\n    exit 1\nfi\n# This output is used by Xcode 'outputs' to avoid re-running this script phase.\necho \"SUCCESS\" > \"${SCRIPT_OUTPUT_FILE_0}\"\n";
			showEnvVarsInLog = 0;
		};
		E5920F84D0D13863AD6D53B4 /* [CP] Check Pods Manifest.lock */ = {
			isa = PBXShellScriptBuildPhase;
			buildActionMask = 2147483647;
			files = (
			);
			inputFileListPaths = (
			);
			inputPaths = (
				"${PODS_PODFILE_DIR_PATH}/Podfile.lock",
				"${PODS_ROOT}/Manifest.lock",
			);
			name = "[CP] Check Pods Manifest.lock";
			outputFileListPaths = (
			);
			outputPaths = (
				"$(DERIVED_FILE_DIR)/Pods-ShoppingListsTests-checkManifestLockResult.txt",
			);
			runOnlyForDeploymentPostprocessing = 0;
			shellPath = /bin/sh;
			shellScript = "diff \"${PODS_PODFILE_DIR_PATH}/Podfile.lock\" \"${PODS_ROOT}/Manifest.lock\" > /dev/null\nif [ $? != 0 ] ; then\n    # print error to STDERR\n    echo \"error: The sandbox is not in sync with the Podfile.lock. Run 'pod install' or update your CocoaPods installation.\" >&2\n    exit 1\nfi\n# This output is used by Xcode 'outputs' to avoid re-running this script phase.\necho \"SUCCESS\" > \"${SCRIPT_OUTPUT_FILE_0}\"\n";
			showEnvVarsInLog = 0;
		};
/* End PBXShellScriptBuildPhase section */

/* Begin PBXSourcesBuildPhase section */
		DA75E48122A6E0F2009BB104 /* Sources */ = {
			isa = PBXSourcesBuildPhase;
			buildActionMask = 2147483647;
			files = (
				DA65972522A85EE6009D2899 /* ProductsViewController.swift in Sources */,
				DA6401D722A70A290065E666 /* ArchivedListsViewController.swift in Sources */,
				DA65972722A867E6009D2899 /* ProductTableViewCell.swift in Sources */,
				DA6401D322A6FD010065E666 /* CurrentListsViewController.swift in Sources */,
				DA7AC13522A99F85008B5251 /* UIViewController+Extensions.swift in Sources */,
				DA75E49122A6E0F2009BB104 /* ShoppingLists.xcdatamodeld in Sources */,
				DA75E48922A6E0F2009BB104 /* AppDelegate.swift in Sources */,
				DA6401DE22A7147C0065E666 /* ListTableViewCell.swift in Sources */,
			);
			runOnlyForDeploymentPostprocessing = 0;
		};
		DA75E49822A6E0F5009BB104 /* Sources */ = {
			isa = PBXSourcesBuildPhase;
			buildActionMask = 2147483647;
			files = (
				DA75E4A122A6E0F5009BB104 /* ShoppingListsTests.swift in Sources */,
			);
			runOnlyForDeploymentPostprocessing = 0;
		};
/* End PBXSourcesBuildPhase section */

/* Begin PBXTargetDependency section */
		DA75E49E22A6E0F5009BB104 /* PBXTargetDependency */ = {
			isa = PBXTargetDependency;
			target = DA75E48422A6E0F2009BB104 /* ShoppingLists */;
			targetProxy = DA75E49D22A6E0F5009BB104 /* PBXContainerItemProxy */;
		};
/* End PBXTargetDependency section */

/* Begin PBXVariantGroup section */
		DA75E49422A6E0F5009BB104 /* LaunchScreen.storyboard */ = {
			isa = PBXVariantGroup;
			children = (
				DA75E49522A6E0F5009BB104 /* Base */,
			);
			name = LaunchScreen.storyboard;
			sourceTree = "<group>";
		};
/* End PBXVariantGroup section */

/* Begin XCBuildConfiguration section */
		DA75E4A322A6E0F5009BB104 /* Debug */ = {
			isa = XCBuildConfiguration;
			buildSettings = {
				ALWAYS_SEARCH_USER_PATHS = NO;
				CLANG_ANALYZER_NONNULL = YES;
				CLANG_ANALYZER_NUMBER_OBJECT_CONVERSION = YES_AGGRESSIVE;
				CLANG_CXX_LANGUAGE_STANDARD = "gnu++14";
				CLANG_CXX_LIBRARY = "libc++";
				CLANG_ENABLE_MODULES = YES;
				CLANG_ENABLE_OBJC_ARC = YES;
				CLANG_ENABLE_OBJC_WEAK = YES;
				CLANG_WARN_BLOCK_CAPTURE_AUTORELEASING = YES;
				CLANG_WARN_BOOL_CONVERSION = YES;
				CLANG_WARN_COMMA = YES;
				CLANG_WARN_CONSTANT_CONVERSION = YES;
				CLANG_WARN_DEPRECATED_OBJC_IMPLEMENTATIONS = YES;
				CLANG_WARN_DIRECT_OBJC_ISA_USAGE = YES_ERROR;
				CLANG_WARN_DOCUMENTATION_COMMENTS = YES;
				CLANG_WARN_EMPTY_BODY = YES;
				CLANG_WARN_ENUM_CONVERSION = YES;
				CLANG_WARN_INFINITE_RECURSION = YES;
				CLANG_WARN_INT_CONVERSION = YES;
				CLANG_WARN_NON_LITERAL_NULL_CONVERSION = YES;
				CLANG_WARN_OBJC_IMPLICIT_RETAIN_SELF = YES;
				CLANG_WARN_OBJC_LITERAL_CONVERSION = YES;
				CLANG_WARN_OBJC_ROOT_CLASS = YES_ERROR;
				CLANG_WARN_RANGE_LOOP_ANALYSIS = YES;
				CLANG_WARN_STRICT_PROTOTYPES = YES;
				CLANG_WARN_SUSPICIOUS_MOVE = YES;
				CLANG_WARN_UNGUARDED_AVAILABILITY = YES_AGGRESSIVE;
				CLANG_WARN_UNREACHABLE_CODE = YES;
				CLANG_WARN__DUPLICATE_METHOD_MATCH = YES;
				CODE_SIGN_IDENTITY = "iPhone Developer";
				COPY_PHASE_STRIP = NO;
				DEBUG_INFORMATION_FORMAT = dwarf;
				ENABLE_STRICT_OBJC_MSGSEND = YES;
				ENABLE_TESTABILITY = YES;
				GCC_C_LANGUAGE_STANDARD = gnu11;
				GCC_DYNAMIC_NO_PIC = NO;
				GCC_NO_COMMON_BLOCKS = YES;
				GCC_OPTIMIZATION_LEVEL = 0;
				GCC_PREPROCESSOR_DEFINITIONS = (
					"DEBUG=1",
					"$(inherited)",
				);
				GCC_WARN_64_TO_32_BIT_CONVERSION = YES;
				GCC_WARN_ABOUT_RETURN_TYPE = YES_ERROR;
				GCC_WARN_UNDECLARED_SELECTOR = YES;
				GCC_WARN_UNINITIALIZED_AUTOS = YES_AGGRESSIVE;
				GCC_WARN_UNUSED_FUNCTION = YES;
				GCC_WARN_UNUSED_VARIABLE = YES;
				IPHONEOS_DEPLOYMENT_TARGET = 12.1;
				MTL_ENABLE_DEBUG_INFO = INCLUDE_SOURCE;
				MTL_FAST_MATH = YES;
				ONLY_ACTIVE_ARCH = YES;
				SDKROOT = iphoneos;
				SWIFT_ACTIVE_COMPILATION_CONDITIONS = DEBUG;
				SWIFT_OPTIMIZATION_LEVEL = "-Onone";
			};
			name = Debug;
		};
		DA75E4A422A6E0F5009BB104 /* Release */ = {
			isa = XCBuildConfiguration;
			buildSettings = {
				ALWAYS_SEARCH_USER_PATHS = NO;
				CLANG_ANALYZER_NONNULL = YES;
				CLANG_ANALYZER_NUMBER_OBJECT_CONVERSION = YES_AGGRESSIVE;
				CLANG_CXX_LANGUAGE_STANDARD = "gnu++14";
				CLANG_CXX_LIBRARY = "libc++";
				CLANG_ENABLE_MODULES = YES;
				CLANG_ENABLE_OBJC_ARC = YES;
				CLANG_ENABLE_OBJC_WEAK = YES;
				CLANG_WARN_BLOCK_CAPTURE_AUTORELEASING = YES;
				CLANG_WARN_BOOL_CONVERSION = YES;
				CLANG_WARN_COMMA = YES;
				CLANG_WARN_CONSTANT_CONVERSION = YES;
				CLANG_WARN_DEPRECATED_OBJC_IMPLEMENTATIONS = YES;
				CLANG_WARN_DIRECT_OBJC_ISA_USAGE = YES_ERROR;
				CLANG_WARN_DOCUMENTATION_COMMENTS = YES;
				CLANG_WARN_EMPTY_BODY = YES;
				CLANG_WARN_ENUM_CONVERSION = YES;
				CLANG_WARN_INFINITE_RECURSION = YES;
				CLANG_WARN_INT_CONVERSION = YES;
				CLANG_WARN_NON_LITERAL_NULL_CONVERSION = YES;
				CLANG_WARN_OBJC_IMPLICIT_RETAIN_SELF = YES;
				CLANG_WARN_OBJC_LITERAL_CONVERSION = YES;
				CLANG_WARN_OBJC_ROOT_CLASS = YES_ERROR;
				CLANG_WARN_RANGE_LOOP_ANALYSIS = YES;
				CLANG_WARN_STRICT_PROTOTYPES = YES;
				CLANG_WARN_SUSPICIOUS_MOVE = YES;
				CLANG_WARN_UNGUARDED_AVAILABILITY = YES_AGGRESSIVE;
				CLANG_WARN_UNREACHABLE_CODE = YES;
				CLANG_WARN__DUPLICATE_METHOD_MATCH = YES;
				CODE_SIGN_IDENTITY = "iPhone Developer";
				COPY_PHASE_STRIP = NO;
				DEBUG_INFORMATION_FORMAT = "dwarf-with-dsym";
				ENABLE_NS_ASSERTIONS = NO;
				ENABLE_STRICT_OBJC_MSGSEND = YES;
				GCC_C_LANGUAGE_STANDARD = gnu11;
				GCC_NO_COMMON_BLOCKS = YES;
				GCC_WARN_64_TO_32_BIT_CONVERSION = YES;
				GCC_WARN_ABOUT_RETURN_TYPE = YES_ERROR;
				GCC_WARN_UNDECLARED_SELECTOR = YES;
				GCC_WARN_UNINITIALIZED_AUTOS = YES_AGGRESSIVE;
				GCC_WARN_UNUSED_FUNCTION = YES;
				GCC_WARN_UNUSED_VARIABLE = YES;
				IPHONEOS_DEPLOYMENT_TARGET = 12.1;
				MTL_ENABLE_DEBUG_INFO = NO;
				MTL_FAST_MATH = YES;
				SDKROOT = iphoneos;
				SWIFT_COMPILATION_MODE = wholemodule;
				SWIFT_OPTIMIZATION_LEVEL = "-O";
				VALIDATE_PRODUCT = YES;
			};
			name = Release;
		};
		DA75E4A622A6E0F5009BB104 /* Debug */ = {
			isa = XCBuildConfiguration;
			baseConfigurationReference = 3F03B67C53225AC65F232A2D /* Pods-ShoppingLists.debug.xcconfig */;
			buildSettings = {
				ASSETCATALOG_COMPILER_APPICON_NAME = AppIcon;
				CODE_SIGN_STYLE = Automatic;
				DEVELOPMENT_TEAM = C63X5Q2KR6;
				INFOPLIST_FILE = ShoppingLists/Info.plist;
				IPHONEOS_DEPLOYMENT_TARGET = 11.0;
				LD_RUNPATH_SEARCH_PATHS = (
					"$(inherited)",
					"@executable_path/Frameworks",
				);
				PRODUCT_BUNDLE_IDENTIFIER = AK.ShoppingLists;
				PRODUCT_NAME = "$(TARGET_NAME)";
				SWIFT_VERSION = 4.2;
				TARGETED_DEVICE_FAMILY = 1;
			};
			name = Debug;
		};
		DA75E4A722A6E0F5009BB104 /* Release */ = {
			isa = XCBuildConfiguration;
			baseConfigurationReference = 51F4DA953122AAFE94E7D19C /* Pods-ShoppingLists.release.xcconfig */;
			buildSettings = {
				ASSETCATALOG_COMPILER_APPICON_NAME = AppIcon;
				CODE_SIGN_STYLE = Automatic;
				DEVELOPMENT_TEAM = C63X5Q2KR6;
				INFOPLIST_FILE = ShoppingLists/Info.plist;
				IPHONEOS_DEPLOYMENT_TARGET = 11.0;
				LD_RUNPATH_SEARCH_PATHS = (
					"$(inherited)",
					"@executable_path/Frameworks",
				);
				PRODUCT_BUNDLE_IDENTIFIER = AK.ShoppingLists;
				PRODUCT_NAME = "$(TARGET_NAME)";
				SWIFT_VERSION = 4.2;
				TARGETED_DEVICE_FAMILY = 1;
			};
			name = Release;
		};
		DA75E4A922A6E0F5009BB104 /* Debug */ = {
			isa = XCBuildConfiguration;
			baseConfigurationReference = 96D30C7C6C0A933A063654B0 /* Pods-ShoppingListsTests.debug.xcconfig */;
			buildSettings = {
				ALWAYS_EMBED_SWIFT_STANDARD_LIBRARIES = YES;
				BUNDLE_LOADER = "$(TEST_HOST)";
				CODE_SIGN_STYLE = Automatic;
				INFOPLIST_FILE = ShoppingListsTests/Info.plist;
				LD_RUNPATH_SEARCH_PATHS = (
					"$(inherited)",
					"@executable_path/Frameworks",
					"@loader_path/Frameworks",
				);
				PRODUCT_BUNDLE_IDENTIFIER = AK.ShoppingListsTests;
				PRODUCT_NAME = "$(TARGET_NAME)";
				SWIFT_VERSION = 4.2;
				TARGETED_DEVICE_FAMILY = "1,2";
				TEST_HOST = "$(BUILT_PRODUCTS_DIR)/ShoppingLists.app/ShoppingLists";
			};
			name = Debug;
		};
		DA75E4AA22A6E0F5009BB104 /* Release */ = {
			isa = XCBuildConfiguration;
			baseConfigurationReference = 0742964BEF887AB618E6EC07 /* Pods-ShoppingListsTests.release.xcconfig */;
			buildSettings = {
				ALWAYS_EMBED_SWIFT_STANDARD_LIBRARIES = YES;
				BUNDLE_LOADER = "$(TEST_HOST)";
				CODE_SIGN_STYLE = Automatic;
				INFOPLIST_FILE = ShoppingListsTests/Info.plist;
				LD_RUNPATH_SEARCH_PATHS = (
					"$(inherited)",
					"@executable_path/Frameworks",
					"@loader_path/Frameworks",
				);
				PRODUCT_BUNDLE_IDENTIFIER = AK.ShoppingListsTests;
				PRODUCT_NAME = "$(TARGET_NAME)";
				SWIFT_VERSION = 4.2;
				TARGETED_DEVICE_FAMILY = "1,2";
				TEST_HOST = "$(BUILT_PRODUCTS_DIR)/ShoppingLists.app/ShoppingLists";
			};
			name = Release;
		};
/* End XCBuildConfiguration section */

/* Begin XCConfigurationList section */
		DA75E48022A6E0F2009BB104 /* Build configuration list for PBXProject "ShoppingLists" */ = {
			isa = XCConfigurationList;
			buildConfigurations = (
				DA75E4A322A6E0F5009BB104 /* Debug */,
				DA75E4A422A6E0F5009BB104 /* Release */,
			);
			defaultConfigurationIsVisible = 0;
			defaultConfigurationName = Release;
		};
		DA75E4A522A6E0F5009BB104 /* Build configuration list for PBXNativeTarget "ShoppingLists" */ = {
			isa = XCConfigurationList;
			buildConfigurations = (
				DA75E4A622A6E0F5009BB104 /* Debug */,
				DA75E4A722A6E0F5009BB104 /* Release */,
			);
			defaultConfigurationIsVisible = 0;
			defaultConfigurationName = Release;
		};
		DA75E4A822A6E0F5009BB104 /* Build configuration list for PBXNativeTarget "ShoppingListsTests" */ = {
			isa = XCConfigurationList;
			buildConfigurations = (
				DA75E4A922A6E0F5009BB104 /* Debug */,
				DA75E4AA22A6E0F5009BB104 /* Release */,
			);
			defaultConfigurationIsVisible = 0;
			defaultConfigurationName = Release;
		};
/* End XCConfigurationList section */

/* Begin XCVersionGroup section */
		DA75E48F22A6E0F2009BB104 /* ShoppingLists.xcdatamodeld */ = {
			isa = XCVersionGroup;
			children = (
				DA75E49022A6E0F2009BB104 /* ShoppingLists.xcdatamodel */,
			);
			currentVersion = DA75E49022A6E0F2009BB104 /* ShoppingLists.xcdatamodel */;
			path = ShoppingLists.xcdatamodeld;
			sourceTree = "<group>";
			versionGroupType = wrapper.xcdatamodel;
		};
/* End XCVersionGroup section */
	};
	rootObject = DA75E47D22A6E0F2009BB104 /* Project object */;
}
